
Microsoft Visual Studio Solution File, Format Version 12.00
# Visual Studio Version 17
VisualStudioVersion = 17.13.35931.197 d17.13
MinimumVisualStudioVersion = 10.0.40219.1
Project("{8BC9CEB8-8B4A-11D0-8D11-00A0C91BC942}") = "ch05Exrc007", "ch05Exrc007.vcxproj", "{D86B0DF2-44E1-4771-9549-1D6B018EB04B}"
EndProject
Global
	GlobalSection(SolutionConfigurationPlatforms) = preSolution
		Debug|x64 = Debug|x64
		Debug|x86 = Debug|x86
		Release|x64 = Release|x64
		Release|x86 = Release|x86
	EndGlobalSection
	GlobalSection(ProjectConfigurationPlatforms) = postSolution
		{D86B0DF2-44E1-4771-9549-1D6B018EB04B}.Debug|x64.ActiveCfg = Debug|x64
		{D86B0DF2-44E1-4771-9549-1D6B018EB04B}.Debug|x64.Build.0 = Debug|x64
		{D86B0DF2-44E1-4771-9549-1D6B018EB04B}.Debug|x86.ActiveCfg = Debug|Win32
		{D86B0DF2-44E1-4771-9549-1D6B018EB04B}.Debug|x86.Build.0 = Debug|Win32
		{D86B0DF2-44E1-4771-9549-1D6B018EB04B}.Release|x64.ActiveCfg = Release|x64
		{D86B0DF2-44E1-4771-9549-1D6B018EB04B}.Release|x64.Build.0 = Release|x64
		{D86B0DF2-44E1-4771-9549-1D6B018EB04B}.Release|x86.ActiveCfg = Release|Win32
		{D86B0DF2-44E1-4771-9549-1D6B018EB04B}.Release|x86.Build.0 = Release|Win32
	EndGlobalSection
	GlobalSection(SolutionProperties) = preSolution
		HideSolutionNode = FALSE
	EndGlobalSection
	GlobalSection(ExtensibilityGlobals) = postSolution
		SolutionGuid = {66210F52-8BF0-43AB-B701-49DC4A946544}
	EndGlobalSection
EndGlobal
