
Microsoft Visual Studio Solution File, Format Version 12.00
# Visual Studio Version 17
VisualStudioVersion = 17.13.35931.197 d17.13
MinimumVisualStudioVersion = 10.0.40219.1
Project("{8BC9CEB8-8B4A-11D0-8D11-00A0C91BC942}") = "ch04Exmp4p4p2p3_01", "ch04Exmp4p4p2p3_01.vcxproj", "{3AE8D9B8-C9EE-4731-BA57-FA9A371B229F}"
EndProject
Global
	GlobalSection(SolutionConfigurationPlatforms) = preSolution
		Debug|x64 = Debug|x64
		Debug|x86 = Debug|x86
		Release|x64 = Release|x64
		Release|x86 = Release|x86
	EndGlobalSection
	GlobalSection(ProjectConfigurationPlatforms) = postSolution
		{3AE8D9B8-C9EE-4731-BA57-FA9A371B229F}.Debug|x64.ActiveCfg = Debug|x64
		{3AE8D9B8-C9EE-4731-BA57-FA9A371B229F}.Debug|x64.Build.0 = Debug|x64
		{3AE8D9B8-C9EE-4731-BA57-FA9A371B229F}.Debug|x86.ActiveCfg = Debug|Win32
		{3AE8D9B8-C9EE-4731-BA57-FA9A371B229F}.Debug|x86.Build.0 = Debug|Win32
		{3AE8D9B8-C9EE-4731-BA57-FA9A371B229F}.Release|x64.ActiveCfg = Release|x64
		{3AE8D9B8-C9EE-4731-BA57-FA9A371B229F}.Release|x64.Build.0 = Release|x64
		{3AE8D9B8-C9EE-4731-BA57-FA9A371B229F}.Release|x86.ActiveCfg = Release|Win32
		{3AE8D9B8-C9EE-4731-BA57-FA9A371B229F}.Release|x86.Build.0 = Release|Win32
	EndGlobalSection
	GlobalSection(SolutionProperties) = preSolution
		HideSolutionNode = FALSE
	EndGlobalSection
	GlobalSection(ExtensibilityGlobals) = postSolution
		SolutionGuid = {0A60E5DB-CE4D-4044-B7FF-7DF838319C61}
	EndGlobalSection
EndGlobal
