
Microsoft Visual Studio Solution File, Format Version 12.00
# Visual Studio Version 17
VisualStudioVersion = 17.13.35931.197 d17.13
MinimumVisualStudioVersion = 10.0.40219.1
Project("{8BC9CEB8-8B4A-11D0-8D11-00A0C91BC942}") = "ch05Drill007", "ch05Drill007.vcxproj", "{FECD9E14-AF59-4AFA-8E56-AEA24D614225}"
EndProject
Global
	GlobalSection(SolutionConfigurationPlatforms) = preSolution
		Debug|x64 = Debug|x64
		Debug|x86 = Debug|x86
		Release|x64 = Release|x64
		Release|x86 = Release|x86
	EndGlobalSection
	GlobalSection(ProjectConfigurationPlatforms) = postSolution
		{FECD9E14-AF59-4AFA-8E56-AEA24D614225}.Debug|x64.ActiveCfg = Debug|x64
		{FECD9E14-AF59-4AFA-8E56-AEA24D614225}.Debug|x64.Build.0 = Debug|x64
		{FECD9E14-AF59-4AFA-8E56-AEA24D614225}.Debug|x86.ActiveCfg = Debug|Win32
		{FECD9E14-AF59-4AFA-8E56-AEA24D614225}.Debug|x86.Build.0 = Debug|Win32
		{FECD9E14-AF59-4AFA-8E56-AEA24D614225}.Release|x64.ActiveCfg = Release|x64
		{FECD9E14-AF59-4AFA-8E56-AEA24D614225}.Release|x64.Build.0 = Release|x64
		{FECD9E14-AF59-4AFA-8E56-AEA24D614225}.Release|x86.ActiveCfg = Release|Win32
		{FECD9E14-AF59-4AFA-8E56-AEA24D614225}.Release|x86.Build.0 = Release|Win32
	EndGlobalSection
	GlobalSection(SolutionProperties) = preSolution
		HideSolutionNode = FALSE
	EndGlobalSection
	GlobalSection(ExtensibilityGlobals) = postSolution
		SolutionGuid = {1D60AB31-D0E7-4257-B345-7678BB1DD5EB}
	EndGlobalSection
EndGlobal
